
Microsoft Visual Studio Solution File, Format Version 12.00
# Visual Studio Version 17
VisualStudioVersion = 17.14.36212.18
MinimumVisualStudioVersion = 10.0.40219.1
Project("{8BC9CEB8-8B4A-11D0-8D11-00A0C91BC942}") = "GUI", "GUI\GUI.vcxproj", "{3CE254A3-D159-4EC2-A9EE-41547CDBA757}"
EndProject
Project("{8BC9CEB8-8B4A-11D0-8D11-00A0C91BC942}") = "Common", "Common\Common.vcxproj", "{05F4571F-88BB-4146-804C-F64F084CB46F}"
EndProject
Project("{8BC9CEB8-8B4A-11D0-8D11-00A0C91BC942}") = "Packet", "Packet\Packet.vcxproj", "{732B94E2-1E25-425B-B43B-B7662DCBA646}"
EndProject
Global
	GlobalSection(SolutionConfigurationPlatforms) = preSolution
		Debug|x64 = Debug|x64
		Debug|x86 = Debug|x86
		Release|x64 = Release|x64
		Release|x86 = Release|x86
	EndGlobalSection
	GlobalSection(ProjectConfigurationPlatforms) = postSolution
		{3CE254A3-D159-4EC2-A9EE-41547CDBA757}.Debug|x64.ActiveCfg = Debug|x64
		{3CE254A3-D159-4EC2-A9EE-41547CDBA757}.Debug|x64.Build.0 = Debug|x64
		{3CE254A3-D159-4EC2-A9EE-41547CDBA757}.Debug|x86.ActiveCfg = Debug|Win32
		{3CE254A3-D159-4EC2-A9EE-41547CDBA757}.Debug|x86.Build.0 = Debug|Win32
		{3CE254A3-D159-4EC2-A9EE-41547CDBA757}.Release|x64.ActiveCfg = Release|x64
		{3CE254A3-D159-4EC2-A9EE-41547CDBA757}.Release|x64.Build.0 = Release|x64
		{3CE254A3-D159-4EC2-A9EE-41547CDBA757}.Release|x86.ActiveCfg = Release|Win32
		{3CE254A3-D159-4EC2-A9EE-41547CDBA757}.Release|x86.Build.0 = Release|Win32
		{05F4571F-88BB-4146-804C-F64F084CB46F}.Debug|x64.ActiveCfg = Debug|x64
		{05F4571F-88BB-4146-804C-F64F084CB46F}.Debug|x64.Build.0 = Debug|x64
		{05F4571F-88BB-4146-804C-F64F084CB46F}.Debug|x86.ActiveCfg = Debug|Win32
		{05F4571F-88BB-4146-804C-F64F084CB46F}.Debug|x86.Build.0 = Debug|Win32
		{05F4571F-88BB-4146-804C-F64F084CB46F}.Release|x64.ActiveCfg = Release|x64
		{05F4571F-88BB-4146-804C-F64F084CB46F}.Release|x64.Build.0 = Release|x64
		{05F4571F-88BB-4146-804C-F64F084CB46F}.Release|x86.ActiveCfg = Release|Win32
		{05F4571F-88BB-4146-804C-F64F084CB46F}.Release|x86.Build.0 = Release|Win32
		{732B94E2-1E25-425B-B43B-B7662DCBA646}.Debug|x64.ActiveCfg = Debug|x64
		{732B94E2-1E25-425B-B43B-B7662DCBA646}.Debug|x64.Build.0 = Debug|x64
		{732B94E2-1E25-425B-B43B-B7662DCBA646}.Debug|x86.ActiveCfg = Debug|Win32
		{732B94E2-1E25-425B-B43B-B7662DCBA646}.Debug|x86.Build.0 = Debug|Win32
		{732B94E2-1E25-425B-B43B-B7662DCBA646}.Release|x64.ActiveCfg = Release|x64
		{732B94E2-1E25-425B-B43B-B7662DCBA646}.Release|x64.Build.0 = Release|x64
		{732B94E2-1E25-425B-B43B-B7662DCBA646}.Release|x86.ActiveCfg = Release|Win32
		{732B94E2-1E25-425B-B43B-B7662DCBA646}.Release|x86.Build.0 = Release|Win32
	EndGlobalSection
	GlobalSection(SolutionProperties) = preSolution
		HideSolutionNode = FALSE
	EndGlobalSection
	GlobalSection(ExtensibilityGlobals) = postSolution
		SolutionGuid = {8A287079-9865-44C7-8F80-96672C6100FD}
	EndGlobalSection
EndGlobal
